{
  "version": "5",
  "specifiers": {
    "npm:@types/react@^19.2.14": "19.2.14",
    "npm:@unocss/core@*": "66.6.5",
    "npm:@unocss/core@^66.6.5": "66.6.5",
    "npm:@unocss/preset-wind4@*": "66.6.5",
    "npm:hono@*": "4.12.5",
    "npm:preact-render-to-string@*": "6.6.6_preact@10.28.4",
    "npm:preact-render-to-string@^6.6.6": "6.6.6_preact@10.28.4",
    "npm:preact@*": "10.28.4",
    "npm:preact@^10.28.4": "10.28.4",
    "npm:react-dom@^19.2.4": "19.2.4_react@19.2.4",
    "npm:react@^19.2.4": "19.2.4"
  },
  "npm": {
    "@jridgewell/sourcemap-codec@1.5.5": {
      "integrity": "sha512-cYQ9310grqxueWbl+WuIUIaiUaDcj7WOq5fVhEljNVgRfOUhY9fy2zTvfoqWsnebh8Sl70VScFbICvJnLKB0Og=="
    },
    "@types/react@19.2.14": {
      "integrity": "sha512-ilcTH/UniCkMdtexkoCN0bI7pMcJDvmQFPvuPvmEaYA/NSfFTAgdUSLAoVjaRJm7+6PvcM+q1zYOwS4wTYMF9w==",
      "dependencies": [
        "csstype"
      ]
    },
    "@unocss/core@66.6.5": {
      "integrity": "sha512-hzjo+0EF+pNbf+tb0OjRNZRF9BJoKECcZZgtufxRPpWJdlv+aYmNkH1p9fldlHHzYcn3ZqVnnHnmk7HwaolJbg=="
    },
    "@unocss/extractor-arbitrary-variants@66.6.5": {
      "integrity": "sha512-wqzRtbyy3I595WCwwb8VBmznJTHWcTdylzVT+WBgacJDjRlT1sXaq2fRlOsHvtTRj1qG70t3PwKc6XgU0hutNg==",
      "dependencies": [
        "@unocss/core"
      ]
    },
    "@unocss/preset-wind4@66.6.5": {
      "integrity": "sha512-JT57CU60PY3/PHBvxY+UG53I9K+awin/TodZTn4lqQNnF2v6fjkeBKiys9cxeoP4wbHuQWorrW4GqRLNDWIMcw==",
      "dependencies": [
        "@unocss/core",
        "@unocss/extractor-arbitrary-variants",
        "@unocss/rule-utils"
      ]
    },
    "@unocss/rule-utils@66.6.5": {
      "integrity": "sha512-eDGXoMebb5aeEAFa2y4gnGLC+CHZPx93JYCt6uvEyf9xOoetwDcZaYC8brWdjaSKn+WVgsfxiZreC7F0rJywOQ==",
      "dependencies": [
        "@unocss/core",
        "magic-string"
      ]
    },
    "csstype@3.2.3": {
      "integrity": "sha512-z1HGKcYy2xA8AGQfwrn0PAy+PB7X/GSj3UVJW9qKyn43xWa+gl5nXmU4qqLMRzWVLFC8KusUX8T/0kCiOYpAIQ=="
    },
    "hono@4.12.5": {
      "integrity": "sha512-3qq+FUBtlTHhtYxbxheZgY8NIFnkkC/MR8u5TTsr7YZ3wixryQ3cCwn3iZbg8p8B88iDBBAYSfZDS75t8MN7Vg=="
    },
    "magic-string@0.30.21": {
      "integrity": "sha512-vd2F4YUyEXKGcLHoq+TEyCjxueSeHnFxyyjNp80yg0XV4vUhnDer/lvvlqM/arB5bXQN5K2/3oinyCRyx8T2CQ==",
      "dependencies": [
        "@jridgewell/sourcemap-codec"
      ]
    },
    "preact-render-to-string@6.6.6_preact@10.28.4": {
      "integrity": "sha512-EfqZJytnjJldV+YaaqhthU2oXsEf5e+6rDv957p+zxAvNfFLQOPfvBOTncscQ+akzu6Wrl7s3Pa0LjUQmWJsGQ==",
      "dependencies": [
        "preact"
      ]
    },
    "preact@10.28.4": {
      "integrity": "sha512-uKFfOHWuSNpRFVTnljsCluEFq57OKT+0QdOiQo8XWnQ/pSvg7OpX5eNOejELXJMWy+BwM2nobz0FkvzmnpCNsQ=="
    },
    "react-dom@19.2.4_react@19.2.4": {
      "integrity": "sha512-AXJdLo8kgMbimY95O2aKQqsz2iWi9jMgKJhRBAxECE4IFxfcazB2LmzloIoibJI3C12IlY20+KFaLv+71bUJeQ==",
      "dependencies": [
        "react",
        "scheduler"
      ]
    },
    "react@19.2.4": {
      "integrity": "sha512-9nfp2hYpCwOjAN+8TZFGhtWEwgvWHXqESH8qT89AT/lWklpLON22Lc8pEtnpsZz7VmawabSU0gCjnj8aC0euHQ=="
    },
    "scheduler@0.27.0": {
      "integrity": "sha512-eNv+WrVbKu1f3vbYJT/xtiF5syA5HPIMtf9IgY/nKg0sWqzAUEvqY/xm7OcZc/qafLx/iO9FgOmeSAp4v5ti/Q=="
    }
  },
  "workspace": {
    "dependencies": [
      "npm:@unocss/core@*",
      "npm:@unocss/preset-wind4@*",
      "npm:hono@*",
      "npm:preact-render-to-string@*",
      "npm:preact@*"
    ],
    "packageJson": {
      "dependencies": [
        "npm:@types/react@^19.2.14",
        "npm:@unocss/core@^66.6.5",
        "npm:preact-render-to-string@^6.6.6",
        "npm:preact@^10.28.4",
        "npm:react-dom@^19.2.4",
        "npm:react@^19.2.4"
      ]
    }
  }
}
